// !$*UTF8*$!
{
	archiveVersion = 1;
	classes = {
	};
	objectVersion = 50;
	objects = {

/* Begin PBXBuildFile section */
		8032B113264D8A560079DBFF /* AppDelegate.swift in Sources */ = {isa = PBXBuildFile; fileRef = 8032B112264D8A560079DBFF /* AppDelegate.swift */; };
		8032B115264D8A560079DBFF /* SceneDelegate.swift in Sources */ = {isa = PBXBuildFile; fileRef = 8032B114264D8A560079DBFF /* SceneDelegate.swift */; };
		8032B11D264D8A560079DBFF /* DemoMovie.xcdatamodeld in Sources */ = {isa = PBXBuildFile; fileRef = 8032B11B264D8A560079DBFF /* DemoMovie.xcdatamodeld */; };
		8032B11F264D8A590079DBFF /* Assets.xcassets in Resources */ = {isa = PBXBuildFile; fileRef = 8032B11E264D8A590079DBFF /* Assets.xcassets */; };
		8032B122264D8A590079DBFF /* LaunchScreen.storyboard in Resources */ = {isa = PBXBuildFile; fileRef = 8032B120264D8A590079DBFF /* LaunchScreen.storyboard */; };
		8032B12D264D8A590079DBFF /* DemoMovieTests.swift in Sources */ = {isa = PBXBuildFile; fileRef = 8032B12C264D8A590079DBFF /* DemoMovieTests.swift */; };
		8032B138264D8A590079DBFF /* DemoMovieUITests.swift in Sources */ = {isa = PBXBuildFile; fileRef = 8032B137264D8A590079DBFF /* DemoMovieUITests.swift */; };
		807081E0264E48D700624101 /* MovieVideo.swift in Sources */ = {isa = PBXBuildFile; fileRef = 807081DF264E48D700624101 /* MovieVideo.swift */; };
		80EE8891264D9F4C00BD3A4E /* HomePresenter.swift in Sources */ = {isa = PBXBuildFile; fileRef = 80EE888C264D9F4C00BD3A4E /* HomePresenter.swift */; };
		80EE8892264D9F4C00BD3A4E /* HomeRouter.swift in Sources */ = {isa = PBXBuildFile; fileRef = 80EE888D264D9F4C00BD3A4E /* HomeRouter.swift */; };
		80EE8893264D9F4C00BD3A4E /* HomeViewController.swift in Sources */ = {isa = PBXBuildFile; fileRef = 80EE888E264D9F4C00BD3A4E /* HomeViewController.swift */; };
		80EE8894264D9F4C00BD3A4E /* HomeInteractor.swift in Sources */ = {isa = PBXBuildFile; fileRef = 80EE888F264D9F4C00BD3A4E /* HomeInteractor.swift */; };
		80EE8895264D9F4C00BD3A4E /* HomeViewController.xib in Resources */ = {isa = PBXBuildFile; fileRef = 80EE8890264D9F4C00BD3A4E /* HomeViewController.xib */; };
		80EE88A8264DA13100BD3A4E /* DetailPresenter.swift in Sources */ = {isa = PBXBuildFile; fileRef = 80EE88A3264DA13100BD3A4E /* DetailPresenter.swift */; };
		80EE88A9264DA13100BD3A4E /* DetailRouter.swift in Sources */ = {isa = PBXBuildFile; fileRef = 80EE88A4264DA13100BD3A4E /* DetailRouter.swift */; };
		80EE88AA264DA13100BD3A4E /* DetailViewController.swift in Sources */ = {isa = PBXBuildFile; fileRef = 80EE88A5264DA13100BD3A4E /* DetailViewController.swift */; };
		80EE88AB264DA13100BD3A4E /* DetailInteractor.swift in Sources */ = {isa = PBXBuildFile; fileRef = 80EE88A6264DA13100BD3A4E /* DetailInteractor.swift */; };
		80EE88AC264DA13100BD3A4E /* DetailViewController.xib in Resources */ = {isa = PBXBuildFile; fileRef = 80EE88A7264DA13100BD3A4E /* DetailViewController.xib */; };
		80EE88B5264DA2DC00BD3A4E /* WebServiceManager.swift in Sources */ = {isa = PBXBuildFile; fileRef = 80EE88B4264DA2DC00BD3A4E /* WebServiceManager.swift */; };
		80EE88CB264DE1FA00BD3A4E /* MovieTableViewCell.swift in Sources */ = {isa = PBXBuildFile; fileRef = 80EE88C9264DE1FA00BD3A4E /* MovieTableViewCell.swift */; };
		80EE88CC264DE1FA00BD3A4E /* MovieTableViewCell.xib in Resources */ = {isa = PBXBuildFile; fileRef = 80EE88CA264DE1FA00BD3A4E /* MovieTableViewCell.xib */; };
		80EE88D7264DF55800BD3A4E /* extension+UIImageView.swift in Sources */ = {isa = PBXBuildFile; fileRef = 80EE88D6264DF55800BD3A4E /* extension+UIImageView.swift */; };
		80EE88E0264DF9CE00BD3A4E /* Movie.swift in Sources */ = {isa = PBXBuildFile; fileRef = 80EE88DF264DF9CE00BD3A4E /* Movie.swift */; };
		80EE88E8264DFA4B00BD3A4E /* Enums.swift in Sources */ = {isa = PBXBuildFile; fileRef = 80EE88E7264DFA4B00BD3A4E /* Enums.swift */; };
		80EE88F6264E02E900BD3A4E /* Constants.swift in Sources */ = {isa = PBXBuildFile; fileRef = 80EE88F5264E02E900BD3A4E /* Constants.swift */; };
		80EE88FB264E152B00BD3A4E /* extension+UINavigationController.swift in Sources */ = {isa = PBXBuildFile; fileRef = 80EE88FA264E152B00BD3A4E /* extension+UINavigationController.swift */; };
		80EE8901264E160800BD3A4E /* CommonRouter.swift in Sources */ = {isa = PBXBuildFile; fileRef = 80EE8900264E160800BD3A4E /* CommonRouter.swift */; };
		80EE8926264E248F00BD3A4E /* MovieDetail.swift in Sources */ = {isa = PBXBuildFile; fileRef = 80EE8925264E248F00BD3A4E /* MovieDetail.swift */; };
/* End PBXBuildFile section */

/* Begin PBXContainerItemProxy section */
		8032B129264D8A590079DBFF /* PBXContainerItemProxy */ = {
			isa = PBXContainerItemProxy;
			containerPortal = 8032B107264D8A560079DBFF /* Project object */;
			proxyType = 1;
			remoteGlobalIDString = 8032B10E264D8A560079DBFF;
			remoteInfo = DemoMovie;
		};
		8032B134264D8A590079DBFF /* PBXContainerItemProxy */ = {
			isa = PBXContainerItemProxy;
			containerPortal = 8032B107264D8A560079DBFF /* Project object */;
			proxyType = 1;
			remoteGlobalIDString = 8032B10E264D8A560079DBFF;
			remoteInfo = DemoMovie;
		};
/* End PBXContainerItemProxy section */

/* Begin PBXFileReference section */
		8032B10F264D8A560079DBFF /* DemoMovie.app */ = {isa = PBXFileReference; explicitFileType = wrapper.application; includeInIndex = 0; path = DemoMovie.app; sourceTree = BUILT_PRODUCTS_DIR; };
		8032B112264D8A560079DBFF /* AppDelegate.swift */ = {isa = PBXFileReference; lastKnownFileType = sourcecode.swift; path = AppDelegate.swift; sourceTree = "<group>"; };
		8032B114264D8A560079DBFF /* SceneDelegate.swift */ = {isa = PBXFileReference; lastKnownFileType = sourcecode.swift; path = SceneDelegate.swift; sourceTree = "<group>"; };
		8032B11C264D8A560079DBFF /* DemoMovie.xcdatamodel */ = {isa = PBXFileReference; lastKnownFileType = wrapper.xcdatamodel; path = DemoMovie.xcdatamodel; sourceTree = "<group>"; };
		8032B11E264D8A590079DBFF /* Assets.xcassets */ = {isa = PBXFileReference; lastKnownFileType = folder.assetcatalog; path = Assets.xcassets; sourceTree = "<group>"; };
		8032B121264D8A590079DBFF /* Base */ = {isa = PBXFileReference; lastKnownFileType = file.storyboard; name = Base; path = Base.lproj/LaunchScreen.storyboard; sourceTree = "<group>"; };
		8032B123264D8A590079DBFF /* Info.plist */ = {isa = PBXFileReference; lastKnownFileType = text.plist.xml; path = Info.plist; sourceTree = "<group>"; };
		8032B128264D8A590079DBFF /* DemoMovieTests.xctest */ = {isa = PBXFileReference; explicitFileType = wrapper.cfbundle; includeInIndex = 0; path = DemoMovieTests.xctest; sourceTree = BUILT_PRODUCTS_DIR; };
		8032B12C264D8A590079DBFF /* DemoMovieTests.swift */ = {isa = PBXFileReference; lastKnownFileType = sourcecode.swift; path = DemoMovieTests.swift; sourceTree = "<group>"; };
		8032B12E264D8A590079DBFF /* Info.plist */ = {isa = PBXFileReference; lastKnownFileType = text.plist.xml; path = Info.plist; sourceTree = "<group>"; };
		8032B133264D8A590079DBFF /* DemoMovieUITests.xctest */ = {isa = PBXFileReference; explicitFileType = wrapper.cfbundle; includeInIndex = 0; path = DemoMovieUITests.xctest; sourceTree = BUILT_PRODUCTS_DIR; };
		8032B137264D8A590079DBFF /* DemoMovieUITests.swift */ = {isa = PBXFileReference; lastKnownFileType = sourcecode.swift; path = DemoMovieUITests.swift; sourceTree = "<group>"; };
		8032B139264D8A590079DBFF /* Info.plist */ = {isa = PBXFileReference; lastKnownFileType = text.plist.xml; path = Info.plist; sourceTree = "<group>"; };
		807081DF264E48D700624101 /* MovieVideo.swift */ = {isa = PBXFileReference; lastKnownFileType = sourcecode.swift; path = MovieVideo.swift; sourceTree = "<group>"; };
		80EE888C264D9F4C00BD3A4E /* HomePresenter.swift */ = {isa = PBXFileReference; lastKnownFileType = sourcecode.swift; path = HomePresenter.swift; sourceTree = "<group>"; };
		80EE888D264D9F4C00BD3A4E /* HomeRouter.swift */ = {isa = PBXFileReference; lastKnownFileType = sourcecode.swift; path = HomeRouter.swift; sourceTree = "<group>"; };
		80EE888E264D9F4C00BD3A4E /* HomeViewController.swift */ = {isa = PBXFileReference; lastKnownFileType = sourcecode.swift; path = HomeViewController.swift; sourceTree = "<group>"; };
		80EE888F264D9F4C00BD3A4E /* HomeInteractor.swift */ = {isa = PBXFileReference; lastKnownFileType = sourcecode.swift; path = HomeInteractor.swift; sourceTree = "<group>"; };
		80EE8890264D9F4C00BD3A4E /* HomeViewController.xib */ = {isa = PBXFileReference; lastKnownFileType = file.xib; path = HomeViewController.xib; sourceTree = "<group>"; };
		80EE88A3264DA13100BD3A4E /* DetailPresenter.swift */ = {isa = PBXFileReference; lastKnownFileType = sourcecode.swift; path = DetailPresenter.swift; sourceTree = "<group>"; };
		80EE88A4264DA13100BD3A4E /* DetailRouter.swift */ = {isa = PBXFileReference; lastKnownFileType = sourcecode.swift; path = DetailRouter.swift; sourceTree = "<group>"; };
		80EE88A5264DA13100BD3A4E /* DetailViewController.swift */ = {isa = PBXFileReference; lastKnownFileType = sourcecode.swift; path = DetailViewController.swift; sourceTree = "<group>"; };
		80EE88A6264DA13100BD3A4E /* DetailInteractor.swift */ = {isa = PBXFileReference; lastKnownFileType = sourcecode.swift; path = DetailInteractor.swift; sourceTree = "<group>"; };
		80EE88A7264DA13100BD3A4E /* DetailViewController.xib */ = {isa = PBXFileReference; lastKnownFileType = file.xib; path = DetailViewController.xib; sourceTree = "<group>"; };
		80EE88B4264DA2DC00BD3A4E /* WebServiceManager.swift */ = {isa = PBXFileReference; lastKnownFileType = sourcecode.swift; path = WebServiceManager.swift; sourceTree = "<group>"; };
		80EE88C9264DE1FA00BD3A4E /* MovieTableViewCell.swift */ = {isa = PBXFileReference; lastKnownFileType = sourcecode.swift; path = MovieTableViewCell.swift; sourceTree = "<group>"; };
		80EE88CA264DE1FA00BD3A4E /* MovieTableViewCell.xib */ = {isa = PBXFileReference; lastKnownFileType = file.xib; path = MovieTableViewCell.xib; sourceTree = "<group>"; };
		80EE88D6264DF55800BD3A4E /* extension+UIImageView.swift */ = {isa = PBXFileReference; lastKnownFileType = sourcecode.swift; path = "extension+UIImageView.swift"; sourceTree = "<group>"; };
		80EE88DF264DF9CE00BD3A4E /* Movie.swift */ = {isa = PBXFileReference; lastKnownFileType = sourcecode.swift; path = Movie.swift; sourceTree = "<group>"; };
		80EE88E7264DFA4B00BD3A4E /* Enums.swift */ = {isa = PBXFileReference; lastKnownFileType = sourcecode.swift; path = Enums.swift; sourceTree = "<group>"; };
		80EE88F5264E02E900BD3A4E /* Constants.swift */ = {isa = PBXFileReference; lastKnownFileType = sourcecode.swift; path = Constants.swift; sourceTree = "<group>"; };
		80EE88FA264E152B00BD3A4E /* extension+UINavigationController.swift */ = {isa = PBXFileReference; lastKnownFileType = sourcecode.swift; path = "extension+UINavigationController.swift"; sourceTree = "<group>"; };
		80EE8900264E160800BD3A4E /* CommonRouter.swift */ = {isa = PBXFileReference; lastKnownFileType = sourcecode.swift; path = CommonRouter.swift; sourceTree = "<group>"; };
		80EE8925264E248F00BD3A4E /* MovieDetail.swift */ = {isa = PBXFileReference; lastKnownFileType = sourcecode.swift; path = MovieDetail.swift; sourceTree = "<group>"; };
/* End PBXFileReference section */

/* Begin PBXFrameworksBuildPhase section */
		8032B10C264D8A560079DBFF /* Frameworks */ = {
			isa = PBXFrameworksBuildPhase;
			buildActionMask = 2147483647;
			files = (
			);
			runOnlyForDeploymentPostprocessing = 0;
		};
		8032B125264D8A590079DBFF /* Frameworks */ = {
			isa = PBXFrameworksBuildPhase;
			buildActionMask = 2147483647;
			files = (
			);
			runOnlyForDeploymentPostprocessing = 0;
		};
		8032B130264D8A590079DBFF /* Frameworks */ = {
			isa = PBXFrameworksBuildPhase;
			buildActionMask = 2147483647;
			files = (
			);
			runOnlyForDeploymentPostprocessing = 0;
		};
/* End PBXFrameworksBuildPhase section */

/* Begin PBXGroup section */
		8032B106264D8A560079DBFF = {
			isa = PBXGroup;
			children = (
				8032B111264D8A560079DBFF /* DemoMovie */,
				8032B12B264D8A590079DBFF /* DemoMovieTests */,
				8032B136264D8A590079DBFF /* DemoMovieUITests */,
				8032B110264D8A560079DBFF /* Products */,
			);
			sourceTree = "<group>";
		};
		8032B110264D8A560079DBFF /* Products */ = {
			isa = PBXGroup;
			children = (
				8032B10F264D8A560079DBFF /* DemoMovie.app */,
				8032B128264D8A590079DBFF /* DemoMovieTests.xctest */,
				8032B133264D8A590079DBFF /* DemoMovieUITests.xctest */,
			);
			name = Products;
			sourceTree = "<group>";
		};
		8032B111264D8A560079DBFF /* DemoMovie */ = {
			isa = PBXGroup;
			children = (
				80EE88DE264DF9B800BD3A4E /* Entities */,
				80EE88B3264DA2AE00BD3A4E /* General */,
				80C68D3D264D9CA500254D8F /* Home */,
				80EE88A2264DA0F800BD3A4E /* Detail */,
				8032B112264D8A560079DBFF /* AppDelegate.swift */,
				8032B114264D8A560079DBFF /* SceneDelegate.swift */,
				8032B11E264D8A590079DBFF /* Assets.xcassets */,
				8032B120264D8A590079DBFF /* LaunchScreen.storyboard */,
				8032B123264D8A590079DBFF /* Info.plist */,
				8032B11B264D8A560079DBFF /* DemoMovie.xcdatamodeld */,
			);
			path = DemoMovie;
			sourceTree = "<group>";
		};
		8032B12B264D8A590079DBFF /* DemoMovieTests */ = {
			isa = PBXGroup;
			children = (
				8032B12C264D8A590079DBFF /* DemoMovieTests.swift */,
				8032B12E264D8A590079DBFF /* Info.plist */,
			);
			path = DemoMovieTests;
			sourceTree = "<group>";
		};
		8032B136264D8A590079DBFF /* DemoMovieUITests */ = {
			isa = PBXGroup;
			children = (
				8032B137264D8A590079DBFF /* DemoMovieUITests.swift */,
				8032B139264D8A590079DBFF /* Info.plist */,
			);
			path = DemoMovieUITests;
			sourceTree = "<group>";
		};
		80C68D3D264D9CA500254D8F /* Home */ = {
			isa = PBXGroup;
			children = (
				80EE88BD264DE1C900BD3A4E /* CellMovie */,
				80EE888C264D9F4C00BD3A4E /* HomePresenter.swift */,
				80EE888D264D9F4C00BD3A4E /* HomeRouter.swift */,
				80EE888E264D9F4C00BD3A4E /* HomeViewController.swift */,
				80EE888F264D9F4C00BD3A4E /* HomeInteractor.swift */,
				80EE8890264D9F4C00BD3A4E /* HomeViewController.xib */,
			);
			path = Home;
			sourceTree = "<group>";
		};
		80EE88A2264DA0F800BD3A4E /* Detail */ = {
			isa = PBXGroup;
			children = (
				80EE88A3264DA13100BD3A4E /* DetailPresenter.swift */,
				80EE88A4264DA13100BD3A4E /* DetailRouter.swift */,
				80EE88A5264DA13100BD3A4E /* DetailViewController.swift */,
				80EE88A6264DA13100BD3A4E /* DetailInteractor.swift */,
				80EE88A7264DA13100BD3A4E /* DetailViewController.xib */,
			);
			path = Detail;
			sourceTree = "<group>";
		};
		80EE88B3264DA2AE00BD3A4E /* General */ = {
			isa = PBXGroup;
			children = (
				80EE88FF264E15F300BD3A4E /* Common */,
				80EE88D5264DF52D00BD3A4E /* Extensions */,
				80EE88B4264DA2DC00BD3A4E /* WebServiceManager.swift */,
				80EE88E7264DFA4B00BD3A4E /* Enums.swift */,
				80EE88F5264E02E900BD3A4E /* Constants.swift */,
			);
			path = General;
			sourceTree = "<group>";
		};
		80EE88BD264DE1C900BD3A4E /* CellMovie */ = {
			isa = PBXGroup;
			children = (
				80EE88C9264DE1FA00BD3A4E /* MovieTableViewCell.swift */,
				80EE88CA264DE1FA00BD3A4E /* MovieTableViewCell.xib */,
			);
			path = CellMovie;
			sourceTree = "<group>";
		};
		80EE88D5264DF52D00BD3A4E /* Extensions */ = {
			isa = PBXGroup;
			children = (
				80EE88D6264DF55800BD3A4E /* extension+UIImageView.swift */,
				80EE88FA264E152B00BD3A4E /* extension+UINavigationController.swift */,
			);
			path = Extensions;
			sourceTree = "<group>";
		};
		80EE88DE264DF9B800BD3A4E /* Entities */ = {
			isa = PBXGroup;
			children = (
				80EE88DF264DF9CE00BD3A4E /* Movie.swift */,
				80EE8925264E248F00BD3A4E /* MovieDetail.swift */,
				807081DF264E48D700624101 /* MovieVideo.swift */,
			);
			path = Entities;
			sourceTree = "<group>";
		};
		80EE88FF264E15F300BD3A4E /* Common */ = {
			isa = PBXGroup;
			children = (
				80EE8900264E160800BD3A4E /* CommonRouter.swift */,
			);
			path = Common;
			sourceTree = "<group>";
		};
/* End PBXGroup section */

/* Begin PBXNativeTarget section */
		8032B10E264D8A560079DBFF /* DemoMovie */ = {
			isa = PBXNativeTarget;
			buildConfigurationList = 8032B13C264D8A590079DBFF /* Build configuration list for PBXNativeTarget "DemoMovie" */;
			buildPhases = (
				8032B10B264D8A560079DBFF /* Sources */,
				8032B10C264D8A560079DBFF /* Frameworks */,
				8032B10D264D8A560079DBFF /* Resources */,
			);
			buildRules = (
			);
			dependencies = (
			);
			name = DemoMovie;
			productName = DemoMovie;
			productReference = 8032B10F264D8A560079DBFF /* DemoMovie.app */;
			productType = "com.apple.product-type.application";
		};
		8032B127264D8A590079DBFF /* DemoMovieTests */ = {
			isa = PBXNativeTarget;
			buildConfigurationList = 8032B13F264D8A590079DBFF /* Build configuration list for PBXNativeTarget "DemoMovieTests" */;
			buildPhases = (
				8032B124264D8A590079DBFF /* Sources */,
				8032B125264D8A590079DBFF /* Frameworks */,
				8032B126264D8A590079DBFF /* Resources */,
			);
			buildRules = (
			);
			dependencies = (
				8032B12A264D8A590079DBFF /* PBXTargetDependency */,
			);
			name = DemoMovieTests;
			productName = DemoMovieTests;
			productReference = 8032B128264D8A590079DBFF /* DemoMovieTests.xctest */;
			productType = "com.apple.product-type.bundle.unit-test";
		};
		8032B132264D8A590079DBFF /* DemoMovieUITests */ = {
			isa = PBXNativeTarget;
			buildConfigurationList = 8032B142264D8A590079DBFF /* Build configuration list for PBXNativeTarget "DemoMovieUITests" */;
			buildPhases = (
				8032B12F264D8A590079DBFF /* Sources */,
				8032B130264D8A590079DBFF /* Frameworks */,
				8032B131264D8A590079DBFF /* Resources */,
			);
			buildRules = (
			);
			dependencies = (
				8032B135264D8A590079DBFF /* PBXTargetDependency */,
			);
			name = DemoMovieUITests;
			productName = DemoMovieUITests;
			productReference = 8032B133264D8A590079DBFF /* DemoMovieUITests.xctest */;
			productType = "com.apple.product-type.bundle.ui-testing";
		};
/* End PBXNativeTarget section */

/* Begin PBXProject section */
		8032B107264D8A560079DBFF /* Project object */ = {
			isa = PBXProject;
			attributes = {
				LastSwiftUpdateCheck = 1230;
				LastUpgradeCheck = 1230;
				TargetAttributes = {
					8032B10E264D8A560079DBFF = {
						CreatedOnToolsVersion = 12.3;
					};
					8032B127264D8A590079DBFF = {
						CreatedOnToolsVersion = 12.3;
						TestTargetID = 8032B10E264D8A560079DBFF;
					};
					8032B132264D8A590079DBFF = {
						CreatedOnToolsVersion = 12.3;
						TestTargetID = 8032B10E264D8A560079DBFF;
					};
				};
			};
			buildConfigurationList = 8032B10A264D8A560079DBFF /* Build configuration list for PBXProject "DemoMovie" */;
			compatibilityVersion = "Xcode 9.3";
			developmentRegion = en;
			hasScannedForEncodings = 0;
			knownRegions = (
				en,
				Base,
			);
			mainGroup = 8032B106264D8A560079DBFF;
			productRefGroup = 8032B110264D8A560079DBFF /* Products */;
			projectDirPath = "";
			projectRoot = "";
			targets = (
				8032B10E264D8A560079DBFF /* DemoMovie */,
				8032B127264D8A590079DBFF /* DemoMovieTests */,
				8032B132264D8A590079DBFF /* DemoMovieUITests */,
			);
		};
/* End PBXProject section */

/* Begin PBXResourcesBuildPhase section */
		8032B10D264D8A560079DBFF /* Resources */ = {
			isa = PBXResourcesBuildPhase;
			buildActionMask = 2147483647;
			files = (
				8032B122264D8A590079DBFF /* LaunchScreen.storyboard in Resources */,
				80EE88CC264DE1FA00BD3A4E /* MovieTableViewCell.xib in Resources */,
				8032B11F264D8A590079DBFF /* Assets.xcassets in Resources */,
				80EE8895264D9F4C00BD3A4E /* HomeViewController.xib in Resources */,
				80EE88AC264DA13100BD3A4E /* DetailViewController.xib in Resources */,
			);
			runOnlyForDeploymentPostprocessing = 0;
		};
		8032B126264D8A590079DBFF /* Resources */ = {
			isa = PBXResourcesBuildPhase;
			buildActionMask = 2147483647;
			files = (
			);
			runOnlyForDeploymentPostprocessing = 0;
		};
		8032B131264D8A590079DBFF /* Resources */ = {
			isa = PBXResourcesBuildPhase;
			buildActionMask = 2147483647;
			files = (
			);
			runOnlyForDeploymentPostprocessing = 0;
		};
/* End PBXResourcesBuildPhase section */

/* Begin PBXSourcesBuildPhase section */
		8032B10B264D8A560079DBFF /* Sources */ = {
			isa = PBXSourcesBuildPhase;
			buildActionMask = 2147483647;
			files = (
				80EE8892264D9F4C00BD3A4E /* HomeRouter.swift in Sources */,
				80EE88F6264E02E900BD3A4E /* Constants.swift in Sources */,
				80EE88AB264DA13100BD3A4E /* DetailInteractor.swift in Sources */,
				8032B113264D8A560079DBFF /* AppDelegate.swift in Sources */,
				80EE8901264E160800BD3A4E /* CommonRouter.swift in Sources */,
				80EE8894264D9F4C00BD3A4E /* HomeInteractor.swift in Sources */,
				80EE88FB264E152B00BD3A4E /* extension+UINavigationController.swift in Sources */,
				807081E0264E48D700624101 /* MovieVideo.swift in Sources */,
				80EE8926264E248F00BD3A4E /* MovieDetail.swift in Sources */,
				80EE88A8264DA13100BD3A4E /* DetailPresenter.swift in Sources */,
				8032B115264D8A560079DBFF /* SceneDelegate.swift in Sources */,
				80EE88D7264DF55800BD3A4E /* extension+UIImageView.swift in Sources */,
				80EE8891264D9F4C00BD3A4E /* HomePresenter.swift in Sources */,
				80EE88A9264DA13100BD3A4E /* DetailRouter.swift in Sources */,
				80EE88B5264DA2DC00BD3A4E /* WebServiceManager.swift in Sources */,
				80EE88AA264DA13100BD3A4E /* DetailViewController.swift in Sources */,
				80EE8893264D9F4C00BD3A4E /* HomeViewController.swift in Sources */,
				8032B11D264D8A560079DBFF /* DemoMovie.xcdatamodeld in Sources */,
				80EE88CB264DE1FA00BD3A4E /* MovieTableViewCell.swift in Sources */,
				80EE88E8264DFA4B00BD3A4E /* Enums.swift in Sources */,
				80EE88E0264DF9CE00BD3A4E /* Movie.swift in Sources */,
			);
			runOnlyForDeploymentPostprocessing = 0;
		};
		8032B124264D8A590079DBFF /* Sources */ = {
			isa = PBXSourcesBuildPhase;
			buildActionMask = 2147483647;
			files = (
				8032B12D264D8A590079DBFF /* DemoMovieTests.swift in Sources */,
			);
			runOnlyForDeploymentPostprocessing = 0;
		};
		8032B12F264D8A590079DBFF /* Sources */ = {
			isa = PBXSourcesBuildPhase;
			buildActionMask = 2147483647;
			files = (
				8032B138264D8A590079DBFF /* DemoMovieUITests.swift in Sources */,
			);
			runOnlyForDeploymentPostprocessing = 0;
		};
/* End PBXSourcesBuildPhase section */

/* Begin PBXTargetDependency section */
		8032B12A264D8A590079DBFF /* PBXTargetDependency */ = {
			isa = PBXTargetDependency;
			target = 8032B10E264D8A560079DBFF /* DemoMovie */;
			targetProxy = 8032B129264D8A590079DBFF /* PBXContainerItemProxy */;
		};
		8032B135264D8A590079DBFF /* PBXTargetDependency */ = {
			isa = PBXTargetDependency;
			target = 8032B10E264D8A560079DBFF /* DemoMovie */;
			targetProxy = 8032B134264D8A590079DBFF /* PBXContainerItemProxy */;
		};
/* End PBXTargetDependency section */

/* Begin PBXVariantGroup section */
		8032B120264D8A590079DBFF /* LaunchScreen.storyboard */ = {
			isa = PBXVariantGroup;
			children = (
				8032B121264D8A590079DBFF /* Base */,
			);
			name = LaunchScreen.storyboard;
			sourceTree = "<group>";
		};
/* End PBXVariantGroup section */

/* Begin XCBuildConfiguration section */
		8032B13A264D8A590079DBFF /* Debug */ = {
			isa = XCBuildConfiguration;
			buildSettings = {
				ALWAYS_SEARCH_USER_PATHS = NO;
				CLANG_ANALYZER_NONNULL = YES;
				CLANG_ANALYZER_NUMBER_OBJECT_CONVERSION = YES_AGGRESSIVE;
				CLANG_CXX_LANGUAGE_STANDARD = "gnu++14";
				CLANG_CXX_LIBRARY = "libc++";
				CLANG_ENABLE_MODULES = YES;
				CLANG_ENABLE_OBJC_ARC = YES;
				CLANG_ENABLE_OBJC_WEAK = YES;
				CLANG_WARN_BLOCK_CAPTURE_AUTORELEASING = YES;
				CLANG_WARN_BOOL_CONVERSION = YES;
				CLANG_WARN_COMMA = YES;
				CLANG_WARN_CONSTANT_CONVERSION = YES;
				CLANG_WARN_DEPRECATED_OBJC_IMPLEMENTATIONS = YES;
				CLANG_WARN_DIRECT_OBJC_ISA_USAGE = YES_ERROR;
				CLANG_WARN_DOCUMENTATION_COMMENTS = YES;
				CLANG_WARN_EMPTY_BODY = YES;
				CLANG_WARN_ENUM_CONVERSION = YES;
				CLANG_WARN_INFINITE_RECURSION = YES;
				CLANG_WARN_INT_CONVERSION = YES;
				CLANG_WARN_NON_LITERAL_NULL_CONVERSION = YES;
				CLANG_WARN_OBJC_IMPLICIT_RETAIN_SELF = YES;
				CLANG_WARN_OBJC_LITERAL_CONVERSION = YES;
				CLANG_WARN_OBJC_ROOT_CLASS = YES_ERROR;
				CLANG_WARN_QUOTED_INCLUDE_IN_FRAMEWORK_HEADER = YES;
				CLANG_WARN_RANGE_LOOP_ANALYSIS = YES;
				CLANG_WARN_STRICT_PROTOTYPES = YES;
				CLANG_WARN_SUSPICIOUS_MOVE = YES;
				CLANG_WARN_UNGUARDED_AVAILABILITY = YES_AGGRESSIVE;
				CLANG_WARN_UNREACHABLE_CODE = YES;
				CLANG_WARN__DUPLICATE_METHOD_MATCH = YES;
				COPY_PHASE_STRIP = NO;
				DEBUG_INFORMATION_FORMAT = dwarf;
				ENABLE_STRICT_OBJC_MSGSEND = YES;
				ENABLE_TESTABILITY = YES;
				GCC_C_LANGUAGE_STANDARD = gnu11;
				GCC_DYNAMIC_NO_PIC = NO;
				GCC_NO_COMMON_BLOCKS = YES;
				GCC_OPTIMIZATION_LEVEL = 0;
				GCC_PREPROCESSOR_DEFINITIONS = (
					"DEBUG=1",
					"$(inherited)",
				);
				GCC_WARN_64_TO_32_BIT_CONVERSION = YES;
				GCC_WARN_ABOUT_RETURN_TYPE = YES_ERROR;
				GCC_WARN_UNDECLARED_SELECTOR = YES;
				GCC_WARN_UNINITIALIZED_AUTOS = YES_AGGRESSIVE;
				GCC_WARN_UNUSED_FUNCTION = YES;
				GCC_WARN_UNUSED_VARIABLE = YES;
				IPHONEOS_DEPLOYMENT_TARGET = 14.3;
				MTL_ENABLE_DEBUG_INFO = INCLUDE_SOURCE;
				MTL_FAST_MATH = YES;
				ONLY_ACTIVE_ARCH = YES;
				SDKROOT = iphoneos;
				SWIFT_ACTIVE_COMPILATION_CONDITIONS = DEBUG;
				SWIFT_OPTIMIZATION_LEVEL = "-Onone";
			};
			name = Debug;
		};
		8032B13B264D8A590079DBFF /* Release */ = {
			isa = XCBuildConfiguration;
			buildSettings = {
				ALWAYS_SEARCH_USER_PATHS = NO;
				CLANG_ANALYZER_NONNULL = YES;
				CLANG_ANALYZER_NUMBER_OBJECT_CONVERSION = YES_AGGRESSIVE;
				CLANG_CXX_LANGUAGE_STANDARD = "gnu++14";
				CLANG_CXX_LIBRARY = "libc++";
				CLANG_ENABLE_MODULES = YES;
				CLANG_ENABLE_OBJC_ARC = YES;
				CLANG_ENABLE_OBJC_WEAK = YES;
				CLANG_WARN_BLOCK_CAPTURE_AUTORELEASING = YES;
				CLANG_WARN_BOOL_CONVERSION = YES;
				CLANG_WARN_COMMA = YES;
				CLANG_WARN_CONSTANT_CONVERSION = YES;
				CLANG_WARN_DEPRECATED_OBJC_IMPLEMENTATIONS = YES;
				CLANG_WARN_DIRECT_OBJC_ISA_USAGE = YES_ERROR;
				CLANG_WARN_DOCUMENTATION_COMMENTS = YES;
				CLANG_WARN_EMPTY_BODY = YES;
				CLANG_WARN_ENUM_CONVERSION = YES;
				CLANG_WARN_INFINITE_RECURSION = YES;
				CLANG_WARN_INT_CONVERSION = YES;
				CLANG_WARN_NON_LITERAL_NULL_CONVERSION = YES;
				CLANG_WARN_OBJC_IMPLICIT_RETAIN_SELF = YES;
				CLANG_WARN_OBJC_LITERAL_CONVERSION = YES;
				CLANG_WARN_OBJC_ROOT_CLASS = YES_ERROR;
				CLANG_WARN_QUOTED_INCLUDE_IN_FRAMEWORK_HEADER = YES;
				CLANG_WARN_RANGE_LOOP_ANALYSIS = YES;
				CLANG_WARN_STRICT_PROTOTYPES = YES;
				CLANG_WARN_SUSPICIOUS_MOVE = YES;
				CLANG_WARN_UNGUARDED_AVAILABILITY = YES_AGGRESSIVE;
				CLANG_WARN_UNREACHABLE_CODE = YES;
				CLANG_WARN__DUPLICATE_METHOD_MATCH = YES;
				COPY_PHASE_STRIP = NO;
				DEBUG_INFORMATION_FORMAT = "dwarf-with-dsym";
				ENABLE_NS_ASSERTIONS = NO;
				ENABLE_STRICT_OBJC_MSGSEND = YES;
				GCC_C_LANGUAGE_STANDARD = gnu11;
				GCC_NO_COMMON_BLOCKS = YES;
				GCC_WARN_64_TO_32_BIT_CONVERSION = YES;
				GCC_WARN_ABOUT_RETURN_TYPE = YES_ERROR;
				GCC_WARN_UNDECLARED_SELECTOR = YES;
				GCC_WARN_UNINITIALIZED_AUTOS = YES_AGGRESSIVE;
				GCC_WARN_UNUSED_FUNCTION = YES;
				GCC_WARN_UNUSED_VARIABLE = YES;
				IPHONEOS_DEPLOYMENT_TARGET = 14.3;
				MTL_ENABLE_DEBUG_INFO = NO;
				MTL_FAST_MATH = YES;
				SDKROOT = iphoneos;
				SWIFT_COMPILATION_MODE = wholemodule;
				SWIFT_OPTIMIZATION_LEVEL = "-O";
				VALIDATE_PRODUCT = YES;
			};
			name = Release;
		};
		8032B13D264D8A590079DBFF /* Debug */ = {
			isa = XCBuildConfiguration;
			buildSettings = {
				ASSETCATALOG_COMPILER_APPICON_NAME = AppIcon;
				ASSETCATALOG_COMPILER_GLOBAL_ACCENT_COLOR_NAME = AccentColor;
				CODE_SIGN_STYLE = Automatic;
				DEVELOPMENT_TEAM = CV28C2N997;
				INFOPLIST_FILE = DemoMovie/Info.plist;
				LD_RUNPATH_SEARCH_PATHS = (
					"$(inherited)",
					"@executable_path/Frameworks",
				);
				PRODUCT_BUNDLE_IDENTIFIER = pe.Cencosud.DemoMovie;
				PRODUCT_NAME = "$(TARGET_NAME)";
				SWIFT_VERSION = 5.0;
				TARGETED_DEVICE_FAMILY = "1,2";
			};
			name = Debug;
		};
		8032B13E264D8A590079DBFF /* Release */ = {
			isa = XCBuildConfiguration;
			buildSettings = {
				ASSETCATALOG_COMPILER_APPICON_NAME = AppIcon;
				ASSETCATALOG_COMPILER_GLOBAL_ACCENT_COLOR_NAME = AccentColor;
				CODE_SIGN_STYLE = Automatic;
				DEVELOPMENT_TEAM = CV28C2N997;
				INFOPLIST_FILE = DemoMovie/Info.plist;
				LD_RUNPATH_SEARCH_PATHS = (
					"$(inherited)",
					"@executable_path/Frameworks",
				);
				PRODUCT_BUNDLE_IDENTIFIER = pe.Cencosud.DemoMovie;
				PRODUCT_NAME = "$(TARGET_NAME)";
				SWIFT_VERSION = 5.0;
				TARGETED_DEVICE_FAMILY = "1,2";
			};
			name = Release;
		};
		8032B140264D8A590079DBFF /* Debug */ = {
			isa = XCBuildConfiguration;
			buildSettings = {
				ALWAYS_EMBED_SWIFT_STANDARD_LIBRARIES = YES;
				BUNDLE_LOADER = "$(TEST_HOST)";
				CODE_SIGN_STYLE = Automatic;
				DEVELOPMENT_TEAM = CV28C2N997;
				INFOPLIST_FILE = DemoMovieTests/Info.plist;
				IPHONEOS_DEPLOYMENT_TARGET = 14.3;
				LD_RUNPATH_SEARCH_PATHS = (
					"$(inherited)",
					"@executable_path/Frameworks",
					"@loader_path/Frameworks",
				);
				PRODUCT_BUNDLE_IDENTIFIER = Cencosud.DemoMovieTests;
				PRODUCT_NAME = "$(TARGET_NAME)";
				SWIFT_VERSION = 5.0;
				TARGETED_DEVICE_FAMILY = "1,2";
				TEST_HOST = "$(BUILT_PRODUCTS_DIR)/DemoMovie.app/DemoMovie";
			};
			name = Debug;
		};
		8032B141264D8A590079DBFF /* Release */ = {
			isa = XCBuildConfiguration;
			buildSettings = {
				ALWAYS_EMBED_SWIFT_STANDARD_LIBRARIES = YES;
				BUNDLE_LOADER = "$(TEST_HOST)";
				CODE_SIGN_STYLE = Automatic;
				DEVELOPMENT_TEAM = CV28C2N997;
				INFOPLIST_FILE = DemoMovieTests/Info.plist;
				IPHONEOS_DEPLOYMENT_TARGET = 14.3;
				LD_RUNPATH_SEARCH_PATHS = (
					"$(inherited)",
					"@executable_path/Frameworks",
					"@loader_path/Frameworks",
				);
				PRODUCT_BUNDLE_IDENTIFIER = Cencosud.DemoMovieTests;
				PRODUCT_NAME = "$(TARGET_NAME)";
				SWIFT_VERSION = 5.0;
				TARGETED_DEVICE_FAMILY = "1,2";
				TEST_HOST = "$(BUILT_PRODUCTS_DIR)/DemoMovie.app/DemoMovie";
			};
			name = Release;
		};
		8032B143264D8A590079DBFF /* Debug */ = {
			isa = XCBuildConfiguration;
			buildSettings = {
				ALWAYS_EMBED_SWIFT_STANDARD_LIBRARIES = YES;
				CODE_SIGN_STYLE = Automatic;
				DEVELOPMENT_TEAM = CV28C2N997;
				INFOPLIST_FILE = DemoMovieUITests/Info.plist;
				LD_RUNPATH_SEARCH_PATHS = (
					"$(inherited)",
					"@executable_path/Frameworks",
					"@loader_path/Frameworks",
				);
				PRODUCT_BUNDLE_IDENTIFIER = Cencosud.DemoMovieUITests;
				PRODUCT_NAME = "$(TARGET_NAME)";
				SWIFT_VERSION = 5.0;
				TARGETED_DEVICE_FAMILY = "1,2";
				TEST_TARGET_NAME = DemoMovie;
			};
			name = Debug;
		};
		8032B144264D8A590079DBFF /* Release */ = {
			isa = XCBuildConfiguration;
			buildSettings = {
				ALWAYS_EMBED_SWIFT_STANDARD_LIBRARIES = YES;
				CODE_SIGN_STYLE = Automatic;
				DEVELOPMENT_TEAM = CV28C2N997;
				INFOPLIST_FILE = DemoMovieUITests/Info.plist;
				LD_RUNPATH_SEARCH_PATHS = (
					"$(inherited)",
					"@executable_path/Frameworks",
					"@loader_path/Frameworks",
				);
				PRODUCT_BUNDLE_IDENTIFIER = Cencosud.DemoMovieUITests;
				PRODUCT_NAME = "$(TARGET_NAME)";
				SWIFT_VERSION = 5.0;
				TARGETED_DEVICE_FAMILY = "1,2";
				TEST_TARGET_NAME = DemoMovie;
			};
			name = Release;
		};
/* End XCBuildConfiguration section */

/* Begin XCConfigurationList section */
		8032B10A264D8A560079DBFF /* Build configuration list for PBXProject "DemoMovie" */ = {
			isa = XCConfigurationList;
			buildConfigurations = (
				8032B13A264D8A590079DBFF /* Debug */,
				8032B13B264D8A590079DBFF /* Release */,
			);
			defaultConfigurationIsVisible = 0;
			defaultConfigurationName = Release;
		};
		8032B13C264D8A590079DBFF /* Build configuration list for PBXNativeTarget "DemoMovie" */ = {
			isa = XCConfigurationList;
			buildConfigurations = (
				8032B13D264D8A590079DBFF /* Debug */,
				8032B13E264D8A590079DBFF /* Release */,
			);
			defaultConfigurationIsVisible = 0;
			defaultConfigurationName = Release;
		};
		8032B13F264D8A590079DBFF /* Build configuration list for PBXNativeTarget "DemoMovieTests" */ = {
			isa = XCConfigurationList;
			buildConfigurations = (
				8032B140264D8A590079DBFF /* Debug */,
				8032B141264D8A590079DBFF /* Release */,
			);
			defaultConfigurationIsVisible = 0;
			defaultConfigurationName = Release;
		};
		8032B142264D8A590079DBFF /* Build configuration list for PBXNativeTarget "DemoMovieUITests" */ = {
			isa = XCConfigurationList;
			buildConfigurations = (
				8032B143264D8A590079DBFF /* Debug */,
				8032B144264D8A590079DBFF /* Release */,
			);
			defaultConfigurationIsVisible = 0;
			defaultConfigurationName = Release;
		};
/* End XCConfigurationList section */

/* Begin XCVersionGroup section */
		8032B11B264D8A560079DBFF /* DemoMovie.xcdatamodeld */ = {
			isa = XCVersionGroup;
			children = (
				8032B11C264D8A560079DBFF /* DemoMovie.xcdatamodel */,
			);
			currentVersion = 8032B11C264D8A560079DBFF /* DemoMovie.xcdatamodel */;
			path = DemoMovie.xcdatamodeld;
			sourceTree = "<group>";
			versionGroupType = wrapper.xcdatamodel;
		};
/* End XCVersionGroup section */
	};
	rootObject = 8032B107264D8A560079DBFF /* Project object */;
}
